{
  "requires": true,
  "lockfileVersion": 1,
  "dependencies": {
    "headroom.js": {
      "version": "0.10.2",
      "resolved": "https://registry.npmjs.org/headroom.js/-/headroom.js-0.10.2.tgz",
      "integrity": "sha512-Xw6rg0xzBXaMK6Y46CFsYsHpXE+RHkYBS1vmYCqIM713st3RQvFJJHpoXpg+RV1j6ygBy6vgeQRJeQpPBa0ADg=="
    }
  }
}
